
Microsoft Visual Studio Solution File, Format Version 12.00
# Visual Studio 15
VisualStudioVersion = 15.0.28307.1401
MinimumVisualStudioVersion = 10.0.40219.1
Project("{FAE04EC0-301F-11D3-BF4B-00C04F79EFBC}") = "FSDP.UI.Secured", "FSDP\FSDP.UI.Secured.csproj", "{AC14CD6F-12B7-47CF-AB62-B3D82F1BBE29}"
EndProject
Project("{FAE04EC0-301F-11D3-BF4B-00C04F79EFBC}") = "FSDP.DATA.EF", "..\FSDP.DATA.EF\FSDP.DATA.EF.csproj", "{21467417-ACF0-44DF-8ACD-C8F50350DBC2}"
EndProject
Global
	GlobalSection(SolutionConfigurationPlatforms) = preSolution
		Debug|Any CPU = Debug|Any CPU
		Release|Any CPU = Release|Any CPU
	EndGlobalSection
	GlobalSection(ProjectConfigurationPlatforms) = postSolution
		{AC14CD6F-12B7-47CF-AB62-B3D82F1BBE29}.Debug|Any CPU.ActiveCfg = Debug|Any CPU
		{AC14CD6F-12B7-47CF-AB62-B3D82F1BBE29}.Debug|Any CPU.Build.0 = Debug|Any CPU
		{AC14CD6F-12B7-47CF-AB62-B3D82F1BBE29}.Release|Any CPU.ActiveCfg = Release|Any CPU
		{AC14CD6F-12B7-47CF-AB62-B3D82F1BBE29}.Release|Any CPU.Build.0 = Release|Any CPU
		{21467417-ACF0-44DF-8ACD-C8F50350DBC2}.Debug|Any CPU.ActiveCfg = Debug|Any CPU
		{21467417-ACF0-44DF-8ACD-C8F50350DBC2}.Debug|Any CPU.Build.0 = Debug|Any CPU
		{21467417-ACF0-44DF-8ACD-C8F50350DBC2}.Release|Any CPU.ActiveCfg = Release|Any CPU
		{21467417-ACF0-44DF-8ACD-C8F50350DBC2}.Release|Any CPU.Build.0 = Release|Any CPU
	EndGlobalSection
	GlobalSection(SolutionProperties) = preSolution
		HideSolutionNode = FALSE
	EndGlobalSection
	GlobalSection(ExtensibilityGlobals) = postSolution
		SolutionGuid = {BC9F02D5-9012-4006-B054-DD6A661616B5}
	EndGlobalSection
EndGlobal
